// !$*UTF8*$!
{
	archiveVersion = 1;
	classes = {
	};
	objectVersion = 46;
	objects = {

/* Begin PBXBuildFile section */
		8210A4E218499ABE003C1D56 /* main.cpp in Sources */ = {isa = PBXBuildFile; fileRef = 8210A4DF184998C4003C1D56 /* main.cpp */; };
		8210A4E318499AF3003C1D56 /* libaletler-physics.a in Frameworks */ = {isa = PBXBuildFile; fileRef = 8210A4BF1849940E003C1D56 /* libaletler-physics.a */; };
		8210A4E418499B03003C1D56 /* libaletler-geometry.a in Frameworks */ = {isa = PBXBuildFile; fileRef = 8210A4B418499220003C1D56 /* libaletler-geometry.a */; };
		8210A4F4184A919A003C1D56 /* libaletler-sound.a in Frameworks */ = {isa = PBXBuildFile; fileRef = 8210A4ED184A9179003C1D56 /* libaletler-sound.a */; };
		8232F59718525A8B00EEF1F6 /* main.cpp in Sources */ = {isa = PBXBuildFile; fileRef = 8210A4CC1849984A003C1D56 /* main.cpp */; };
		8232F59818525B2200EEF1F6 /* libaletler-geometry.a in Frameworks */ = {isa = PBXBuildFile; fileRef = 8210A4B418499220003C1D56 /* libaletler-geometry.a */; };
		8232F5A2185E7E0700EEF1F6 /* main.cpp in Sources */ = {isa = PBXBuildFile; fileRef = 8232F5A1185E7E0700EEF1F6 /* main.cpp */; };
		8232F5AF185EC84500EEF1F6 /* main.cpp in Sources */ = {isa = PBXBuildFile; fileRef = 8232F5AE185EC84500EEF1F6 /* main.cpp */; };
		8232F5BC185F622C00EEF1F6 /* main.cpp in Sources */ = {isa = PBXBuildFile; fileRef = 8232F5BB185F622C00EEF1F6 /* main.cpp */; };
		8232F5C2185F646900EEF1F6 /* libaletler-geometry.a in Frameworks */ = {isa = PBXBuildFile; fileRef = 8210A4B418499220003C1D56 /* libaletler-geometry.a */; };
		8232F5C3185FB08E00EEF1F6 /* libaletler-geometry.a in Frameworks */ = {isa = PBXBuildFile; fileRef = 8210A4B418499220003C1D56 /* libaletler-geometry.a */; };
		8232F5C4185FB09700EEF1F6 /* libaletler-sound.a in Frameworks */ = {isa = PBXBuildFile; fileRef = 8210A4ED184A9179003C1D56 /* libaletler-sound.a */; };
		8232F5C9185FDD0700EEF1F6 /* libaletler-physics.a in Frameworks */ = {isa = PBXBuildFile; fileRef = 8210A4BF1849940E003C1D56 /* libaletler-physics.a */; };
		82F116E61867AD0700BBE57C /* BoundingBox.cpp in Sources */ = {isa = PBXBuildFile; fileRef = 82F116DA1867AD0700BBE57C /* BoundingBox.cpp */; };
		82F116E71867AD0700BBE57C /* BoundingBox.h in Headers */ = {isa = PBXBuildFile; fileRef = 82F116DB1867AD0700BBE57C /* BoundingBox.h */; };
		82F116E91867AD0700BBE57C /* MarchingSource.cpp in Sources */ = {isa = PBXBuildFile; fileRef = 82F116DD1867AD0700BBE57C /* MarchingSource.cpp */; };
		82F116EA1867AD0700BBE57C /* MarchingSource.h in Headers */ = {isa = PBXBuildFile; fileRef = 82F116DE1867AD0700BBE57C /* MarchingSource.h */; };
		82F116EC1867AD0700BBE57C /* Triangle.cpp in Sources */ = {isa = PBXBuildFile; fileRef = 82F116E01867AD0700BBE57C /* Triangle.cpp */; };
		82F116ED1867AD0700BBE57C /* Triangle.h in Headers */ = {isa = PBXBuildFile; fileRef = 82F116E11867AD0700BBE57C /* Triangle.h */; };
		82F116EE1867AD0700BBE57C /* TriangleMesh.cpp in Sources */ = {isa = PBXBuildFile; fileRef = 82F116E21867AD0700BBE57C /* TriangleMesh.cpp */; };
		82F116EF1867AD0700BBE57C /* TriangleMesh.h in Headers */ = {isa = PBXBuildFile; fileRef = 82F116E31867AD0700BBE57C /* TriangleMesh.h */; };
		82F116F11867AD0700BBE57C /* TriangleQuadrature.h in Headers */ = {isa = PBXBuildFile; fileRef = 82F116E51867AD0700BBE57C /* TriangleQuadrature.h */; };
		82F116FC1867AD6500BBE57C /* Bubble.cpp in Sources */ = {isa = PBXBuildFile; fileRef = 82F116F51867AD6500BBE57C /* Bubble.cpp */; };
		82F116FD1867AD6500BBE57C /* Bubble.h in Headers */ = {isa = PBXBuildFile; fileRef = 82F116F61867AD6500BBE57C /* Bubble.h */; };
		82F116FE1867AD6500BBE57C /* Electrostatics.cpp in Sources */ = {isa = PBXBuildFile; fileRef = 82F116F71867AD6500BBE57C /* Electrostatics.cpp */; };
		82F116FF1867AD6500BBE57C /* Electrostatics.h in Headers */ = {isa = PBXBuildFile; fileRef = 82F116F81867AD6500BBE57C /* Electrostatics.h */; };
		82F117001867AD6500BBE57C /* Fluid.cpp in Sources */ = {isa = PBXBuildFile; fileRef = 82F116F91867AD6500BBE57C /* Fluid.cpp */; };
		82F117011867AD6500BBE57C /* Fluid.h in Headers */ = {isa = PBXBuildFile; fileRef = 82F116FA1867AD6500BBE57C /* Fluid.h */; };
		82F117021867AD6500BBE57C /* PhysicalConstants.h in Headers */ = {isa = PBXBuildFile; fileRef = 82F116FB1867AD6500BBE57C /* PhysicalConstants.h */; };
		82F117171867AD7C00BBE57C /* BubbleSound.cpp in Sources */ = {isa = PBXBuildFile; fileRef = 82F117051867AD7C00BBE57C /* BubbleSound.cpp */; };
		82F117181867AD7C00BBE57C /* BubbleSound.h in Headers */ = {isa = PBXBuildFile; fileRef = 82F117061867AD7C00BBE57C /* BubbleSound.h */; };
		82F1171A1867AD7C00BBE57C /* Listener.h in Headers */ = {isa = PBXBuildFile; fileRef = 82F117081867AD7C00BBE57C /* Listener.h */; };
		82F1171C1867AD7C00BBE57C /* Monopole.h in Headers */ = {isa = PBXBuildFile; fileRef = 82F1170A1867AD7C00BBE57C /* Monopole.h */; };
		82F1171D1867AD7C00BBE57C /* SoundFileManager.cpp in Sources */ = {isa = PBXBuildFile; fileRef = 82F1170B1867AD7C00BBE57C /* SoundFileManager.cpp */; };
		82F1171E1867AD7C00BBE57C /* SoundFileManager.h in Headers */ = {isa = PBXBuildFile; fileRef = 82F1170C1867AD7C00BBE57C /* SoundFileManager.h */; };
		82F117201867AD7C00BBE57C /* SoundFrequency.h in Headers */ = {isa = PBXBuildFile; fileRef = 82F1170E1867AD7C00BBE57C /* SoundFrequency.h */; };
		82F117211867AD7C00BBE57C /* SoundTrack.cpp in Sources */ = {isa = PBXBuildFile; fileRef = 82F1170F1867AD7C00BBE57C /* SoundTrack.cpp */; };
		82F117221867AD7C00BBE57C /* SoundTrack.h in Headers */ = {isa = PBXBuildFile; fileRef = 82F117101867AD7C00BBE57C /* SoundTrack.h */; };
		82F117241867AD7C00BBE57C /* SphericalTools.h in Headers */ = {isa = PBXBuildFile; fileRef = 82F117121867AD7C00BBE57C /* SphericalTools.h */; };
		82F117251867AD7C00BBE57C /* Timer.h in Headers */ = {isa = PBXBuildFile; fileRef = 82F117131867AD7C00BBE57C /* Timer.h */; };
		82F117261867AD7C00BBE57C /* util.h in Headers */ = {isa = PBXBuildFile; fileRef = 82F117141867AD7C00BBE57C /* util.h */; };
		82F117271867AD7C00BBE57C /* ZeroCrossing.h in Headers */ = {isa = PBXBuildFile; fileRef = 82F117151867AD7C00BBE57C /* ZeroCrossing.h */; };
		82FCCC2B18665696003F14DE /* libaletler-physics.a in Frameworks */ = {isa = PBXBuildFile; fileRef = 8210A4BF1849940E003C1D56 /* libaletler-physics.a */; };
/* End PBXBuildFile section */

/* Begin PBXCopyFilesBuildPhase section */
		8210A4D418499898003C1D56 /* CopyFiles */ = {
			isa = PBXCopyFilesBuildPhase;
			buildActionMask = 2147483647;
			dstPath = /usr/share/man/man1/;
			dstSubfolderSpec = 0;
			files = (
			);
			runOnlyForDeploymentPostprocessing = 1;
		};
		8232F58C18525A7800EEF1F6 /* CopyFiles */ = {
			isa = PBXCopyFilesBuildPhase;
			buildActionMask = 2147483647;
			dstPath = /usr/share/man/man1/;
			dstSubfolderSpec = 0;
			files = (
			);
			runOnlyForDeploymentPostprocessing = 1;
		};
		8232F59D185E7E0700EEF1F6 /* CopyFiles */ = {
			isa = PBXCopyFilesBuildPhase;
			buildActionMask = 2147483647;
			dstPath = /usr/share/man/man1/;
			dstSubfolderSpec = 0;
			files = (
			);
			runOnlyForDeploymentPostprocessing = 1;
		};
		8232F5AA185EC84500EEF1F6 /* CopyFiles */ = {
			isa = PBXCopyFilesBuildPhase;
			buildActionMask = 2147483647;
			dstPath = /usr/share/man/man1/;
			dstSubfolderSpec = 0;
			files = (
			);
			runOnlyForDeploymentPostprocessing = 1;
		};
		8232F5B7185F622C00EEF1F6 /* CopyFiles */ = {
			isa = PBXCopyFilesBuildPhase;
			buildActionMask = 2147483647;
			dstPath = /usr/share/man/man1/;
			dstSubfolderSpec = 0;
			files = (
			);
			runOnlyForDeploymentPostprocessing = 1;
		};
/* End PBXCopyFilesBuildPhase section */

/* Begin PBXFileReference section */
		8210A4B418499220003C1D56 /* libaletler-geometry.a */ = {isa = PBXFileReference; explicitFileType = archive.ar; includeInIndex = 0; path = "libaletler-geometry.a"; sourceTree = BUILT_PRODUCTS_DIR; };
		8210A4BF1849940E003C1D56 /* libaletler-physics.a */ = {isa = PBXFileReference; explicitFileType = archive.ar; includeInIndex = 0; path = "libaletler-physics.a"; sourceTree = BUILT_PRODUCTS_DIR; };
		8210A4CB1849984A003C1D56 /* implicitSurfaces.h */ = {isa = PBXFileReference; lastKnownFileType = sourcecode.c.h; path = implicitSurfaces.h; sourceTree = "<group>"; };
		8210A4CC1849984A003C1D56 /* main.cpp */ = {isa = PBXFileReference; lastKnownFileType = sourcecode.cpp.cpp; path = main.cpp; sourceTree = "<group>"; };
		8210A4CF1849984A003C1D56 /* main.cpp */ = {isa = PBXFileReference; lastKnownFileType = sourcecode.cpp.cpp; path = main.cpp; sourceTree = "<group>"; };
		8210A4D618499898003C1D56 /* test-physics */ = {isa = PBXFileReference; explicitFileType = "compiled.mach-o.executable"; includeInIndex = 0; path = "test-physics"; sourceTree = BUILT_PRODUCTS_DIR; };
		8210A4DF184998C4003C1D56 /* main.cpp */ = {isa = PBXFileReference; fileEncoding = 4; lastKnownFileType = sourcecode.cpp.cpp; path = main.cpp; sourceTree = "<group>"; };
		8210A4ED184A9179003C1D56 /* libaletler-sound.a */ = {isa = PBXFileReference; explicitFileType = archive.ar; includeInIndex = 0; path = "libaletler-sound.a"; sourceTree = BUILT_PRODUCTS_DIR; };
		8232F58E18525A7800EEF1F6 /* test-geometry */ = {isa = PBXFileReference; explicitFileType = "compiled.mach-o.executable"; includeInIndex = 0; path = "test-geometry"; sourceTree = BUILT_PRODUCTS_DIR; };
		8232F59F185E7E0700EEF1F6 /* fastmultibubbletester */ = {isa = PBXFileReference; explicitFileType = "compiled.mach-o.executable"; includeInIndex = 0; path = fastmultibubbletester; sourceTree = BUILT_PRODUCTS_DIR; };
		8232F5A1185E7E0700EEF1F6 /* main.cpp */ = {isa = PBXFileReference; lastKnownFileType = sourcecode.cpp.cpp; path = main.cpp; sourceTree = "<group>"; };
		8232F5AC185EC84500EEF1F6 /* watersound */ = {isa = PBXFileReference; explicitFileType = "compiled.mach-o.executable"; includeInIndex = 0; path = watersound; sourceTree = BUILT_PRODUCTS_DIR; };
		8232F5AE185EC84500EEF1F6 /* main.cpp */ = {isa = PBXFileReference; lastKnownFileType = sourcecode.cpp.cpp; path = main.cpp; sourceTree = "<group>"; };
		8232F5B9185F622C00EEF1F6 /* fakemeshgenerator */ = {isa = PBXFileReference; explicitFileType = "compiled.mach-o.executable"; includeInIndex = 0; path = fakemeshgenerator; sourceTree = BUILT_PRODUCTS_DIR; };
		8232F5BB185F622C00EEF1F6 /* main.cpp */ = {isa = PBXFileReference; lastKnownFileType = sourcecode.cpp.cpp; path = main.cpp; sourceTree = "<group>"; };
		82F116DA1867AD0700BBE57C /* BoundingBox.cpp */ = {isa = PBXFileReference; fileEncoding = 4; lastKnownFileType = sourcecode.cpp.cpp; path = BoundingBox.cpp; sourceTree = "<group>"; };
		82F116DB1867AD0700BBE57C /* BoundingBox.h */ = {isa = PBXFileReference; fileEncoding = 4; lastKnownFileType = sourcecode.c.h; path = BoundingBox.h; sourceTree = "<group>"; };
		82F116DD1867AD0700BBE57C /* MarchingSource.cpp */ = {isa = PBXFileReference; fileEncoding = 4; lastKnownFileType = sourcecode.cpp.cpp; path = MarchingSource.cpp; sourceTree = "<group>"; };
		82F116DE1867AD0700BBE57C /* MarchingSource.h */ = {isa = PBXFileReference; fileEncoding = 4; lastKnownFileType = sourcecode.c.h; path = MarchingSource.h; sourceTree = "<group>"; };
		82F116E01867AD0700BBE57C /* Triangle.cpp */ = {isa = PBXFileReference; fileEncoding = 4; lastKnownFileType = sourcecode.cpp.cpp; path = Triangle.cpp; sourceTree = "<group>"; };
		82F116E11867AD0700BBE57C /* Triangle.h */ = {isa = PBXFileReference; fileEncoding = 4; lastKnownFileType = sourcecode.c.h; path = Triangle.h; sourceTree = "<group>"; };
		82F116E21867AD0700BBE57C /* TriangleMesh.cpp */ = {isa = PBXFileReference; fileEncoding = 4; lastKnownFileType = sourcecode.cpp.cpp; path = TriangleMesh.cpp; sourceTree = "<group>"; };
		82F116E31867AD0700BBE57C /* TriangleMesh.h */ = {isa = PBXFileReference; fileEncoding = 4; lastKnownFileType = sourcecode.c.h; path = TriangleMesh.h; sourceTree = "<group>"; };
		82F116E51867AD0700BBE57C /* TriangleQuadrature.h */ = {isa = PBXFileReference; fileEncoding = 4; lastKnownFileType = sourcecode.c.h; path = TriangleQuadrature.h; sourceTree = "<group>"; };
		82F116F31867AD5C00BBE57C /* FastMultibubble.h */ = {isa = PBXFileReference; lastKnownFileType = sourcecode.c.h; path = FastMultibubble.h; sourceTree = "<group>"; };
		82F116F51867AD6500BBE57C /* Bubble.cpp */ = {isa = PBXFileReference; fileEncoding = 4; lastKnownFileType = sourcecode.cpp.cpp; path = Bubble.cpp; sourceTree = "<group>"; };
		82F116F61867AD6500BBE57C /* Bubble.h */ = {isa = PBXFileReference; fileEncoding = 4; lastKnownFileType = sourcecode.c.h; path = Bubble.h; sourceTree = "<group>"; };
		82F116F71867AD6500BBE57C /* Electrostatics.cpp */ = {isa = PBXFileReference; fileEncoding = 4; lastKnownFileType = sourcecode.cpp.cpp; path = Electrostatics.cpp; sourceTree = "<group>"; };
		82F116F81867AD6500BBE57C /* Electrostatics.h */ = {isa = PBXFileReference; fileEncoding = 4; lastKnownFileType = sourcecode.c.h; path = Electrostatics.h; sourceTree = "<group>"; };
		82F116F91867AD6500BBE57C /* Fluid.cpp */ = {isa = PBXFileReference; fileEncoding = 4; lastKnownFileType = sourcecode.cpp.cpp; path = Fluid.cpp; sourceTree = "<group>"; };
		82F116FA1867AD6500BBE57C /* Fluid.h */ = {isa = PBXFileReference; fileEncoding = 4; lastKnownFileType = sourcecode.c.h; path = Fluid.h; sourceTree = "<group>"; };
		82F116FB1867AD6500BBE57C /* PhysicalConstants.h */ = {isa = PBXFileReference; fileEncoding = 4; lastKnownFileType = sourcecode.c.h; path = PhysicalConstants.h; sourceTree = "<group>"; };
		82F117051867AD7C00BBE57C /* BubbleSound.cpp */ = {isa = PBXFileReference; fileEncoding = 4; lastKnownFileType = sourcecode.cpp.cpp; path = BubbleSound.cpp; sourceTree = "<group>"; };
		82F117061867AD7C00BBE57C /* BubbleSound.h */ = {isa = PBXFileReference; fileEncoding = 4; lastKnownFileType = sourcecode.c.h; path = BubbleSound.h; sourceTree = "<group>"; };
		82F117081867AD7C00BBE57C /* Listener.h */ = {isa = PBXFileReference; fileEncoding = 4; lastKnownFileType = sourcecode.c.h; path = Listener.h; sourceTree = "<group>"; };
		82F1170A1867AD7C00BBE57C /* Monopole.h */ = {isa = PBXFileReference; fileEncoding = 4; lastKnownFileType = sourcecode.c.h; path = Monopole.h; sourceTree = "<group>"; };
		82F1170B1867AD7C00BBE57C /* SoundFileManager.cpp */ = {isa = PBXFileReference; fileEncoding = 4; lastKnownFileType = sourcecode.cpp.cpp; path = SoundFileManager.cpp; sourceTree = "<group>"; };
		82F1170C1867AD7C00BBE57C /* SoundFileManager.h */ = {isa = PBXFileReference; fileEncoding = 4; lastKnownFileType = sourcecode.c.h; path = SoundFileManager.h; sourceTree = "<group>"; };
		82F1170E1867AD7C00BBE57C /* SoundFrequency.h */ = {isa = PBXFileReference; fileEncoding = 4; lastKnownFileType = sourcecode.c.h; path = SoundFrequency.h; sourceTree = "<group>"; };
		82F1170F1867AD7C00BBE57C /* SoundTrack.cpp */ = {isa = PBXFileReference; fileEncoding = 4; lastKnownFileType = sourcecode.cpp.cpp; path = SoundTrack.cpp; sourceTree = "<group>"; };
		82F117101867AD7C00BBE57C /* SoundTrack.h */ = {isa = PBXFileReference; fileEncoding = 4; lastKnownFileType = sourcecode.c.h; path = SoundTrack.h; sourceTree = "<group>"; };
		82F117121867AD7C00BBE57C /* SphericalTools.h */ = {isa = PBXFileReference; fileEncoding = 4; lastKnownFileType = sourcecode.c.h; path = SphericalTools.h; sourceTree = "<group>"; };
		82F117131867AD7C00BBE57C /* Timer.h */ = {isa = PBXFileReference; fileEncoding = 4; lastKnownFileType = sourcecode.c.h; path = Timer.h; sourceTree = "<group>"; };
		82F117141867AD7C00BBE57C /* util.h */ = {isa = PBXFileReference; fileEncoding = 4; lastKnownFileType = sourcecode.c.h; path = util.h; sourceTree = "<group>"; };
		82F117151867AD7C00BBE57C /* ZeroCrossing.h */ = {isa = PBXFileReference; fileEncoding = 4; lastKnownFileType = sourcecode.c.h; path = ZeroCrossing.h; sourceTree = "<group>"; };
/* End PBXFileReference section */

/* Begin PBXFrameworksBuildPhase section */
		8210A4B118499220003C1D56 /* Frameworks */ = {
			isa = PBXFrameworksBuildPhase;
			buildActionMask = 2147483647;
			files = (
			);
			runOnlyForDeploymentPostprocessing = 0;
		};
		8210A4BC1849940E003C1D56 /* Frameworks */ = {
			isa = PBXFrameworksBuildPhase;
			buildActionMask = 2147483647;
			files = (
			);
			runOnlyForDeploymentPostprocessing = 0;
		};
		8210A4D318499898003C1D56 /* Frameworks */ = {
			isa = PBXFrameworksBuildPhase;
			buildActionMask = 2147483647;
			files = (
				8210A4F4184A919A003C1D56 /* libaletler-sound.a in Frameworks */,
				8210A4E418499B03003C1D56 /* libaletler-geometry.a in Frameworks */,
				8210A4E318499AF3003C1D56 /* libaletler-physics.a in Frameworks */,
			);
			runOnlyForDeploymentPostprocessing = 0;
		};
		8210A4EA184A9179003C1D56 /* Frameworks */ = {
			isa = PBXFrameworksBuildPhase;
			buildActionMask = 2147483647;
			files = (
			);
			runOnlyForDeploymentPostprocessing = 0;
		};
		8232F58B18525A7800EEF1F6 /* Frameworks */ = {
			isa = PBXFrameworksBuildPhase;
			buildActionMask = 2147483647;
			files = (
				8232F59818525B2200EEF1F6 /* libaletler-geometry.a in Frameworks */,
			);
			runOnlyForDeploymentPostprocessing = 0;
		};
		8232F59C185E7E0700EEF1F6 /* Frameworks */ = {
			isa = PBXFrameworksBuildPhase;
			buildActionMask = 2147483647;
			files = (
			);
			runOnlyForDeploymentPostprocessing = 0;
		};
		8232F5A9185EC84500EEF1F6 /* Frameworks */ = {
			isa = PBXFrameworksBuildPhase;
			buildActionMask = 2147483647;
			files = (
				8232F5C9185FDD0700EEF1F6 /* libaletler-physics.a in Frameworks */,
				8232F5C4185FB09700EEF1F6 /* libaletler-sound.a in Frameworks */,
				8232F5C3185FB08E00EEF1F6 /* libaletler-geometry.a in Frameworks */,
			);
			runOnlyForDeploymentPostprocessing = 0;
		};
		8232F5B6185F622C00EEF1F6 /* Frameworks */ = {
			isa = PBXFrameworksBuildPhase;
			buildActionMask = 2147483647;
			files = (
				82FCCC2B18665696003F14DE /* libaletler-physics.a in Frameworks */,
				8232F5C2185F646900EEF1F6 /* libaletler-geometry.a in Frameworks */,
			);
			runOnlyForDeploymentPostprocessing = 0;
		};
/* End PBXFrameworksBuildPhase section */

/* Begin PBXGroup section */
		8210A47A1849912A003C1D56 = {
			isa = PBXGroup;
			children = (
				82F116D91867AD0700BBE57C /* geometry */,
				82F116F21867AD5C00BBE57C /* numeric */,
				82F116F41867AD6500BBE57C /* physics */,
				82F117031867AD7C00BBE57C /* sound */,
				8210A4C81849984A003C1D56 /* tests */,
				8232F5A0185E7E0700EEF1F6 /* fastmultibubbletester */,
				8232F5AD185EC84500EEF1F6 /* watersound */,
				8232F5BA185F622C00EEF1F6 /* fakemeshgenerator */,
				8210A4841849912A003C1D56 /* Products */,
			);
			sourceTree = "<group>";
		};
		8210A4841849912A003C1D56 /* Products */ = {
			isa = PBXGroup;
			children = (
				8210A4B418499220003C1D56 /* libaletler-geometry.a */,
				8210A4BF1849940E003C1D56 /* libaletler-physics.a */,
				8210A4D618499898003C1D56 /* test-physics */,
				8210A4ED184A9179003C1D56 /* libaletler-sound.a */,
				8232F58E18525A7800EEF1F6 /* test-geometry */,
				8232F59F185E7E0700EEF1F6 /* fastmultibubbletester */,
				8232F5AC185EC84500EEF1F6 /* watersound */,
				8232F5B9185F622C00EEF1F6 /* fakemeshgenerator */,
			);
			name = Products;
			sourceTree = "<group>";
		};
		8210A4C81849984A003C1D56 /* tests */ = {
			isa = PBXGroup;
			children = (
				8210A4D11849986C003C1D56 /* physics */,
				8210A4C91849984A003C1D56 /* geometry */,
				8210A4CE1849984A003C1D56 /* sound */,
			);
			name = tests;
			path = ../tests;
			sourceTree = "<group>";
		};
		8210A4C91849984A003C1D56 /* geometry */ = {
			isa = PBXGroup;
			children = (
				8210A4CB1849984A003C1D56 /* implicitSurfaces.h */,
				8210A4CC1849984A003C1D56 /* main.cpp */,
			);
			path = geometry;
			sourceTree = "<group>";
		};
		8210A4CE1849984A003C1D56 /* sound */ = {
			isa = PBXGroup;
			children = (
				8210A4CF1849984A003C1D56 /* main.cpp */,
			);
			path = sound;
			sourceTree = "<group>";
		};
		8210A4D11849986C003C1D56 /* physics */ = {
			isa = PBXGroup;
			children = (
				8210A4DF184998C4003C1D56 /* main.cpp */,
			);
			path = physics;
			sourceTree = "<group>";
		};
		8232F5A0185E7E0700EEF1F6 /* fastmultibubbletester */ = {
			isa = PBXGroup;
			children = (
				8232F5A1185E7E0700EEF1F6 /* main.cpp */,
			);
			path = fastmultibubbletester;
			sourceTree = "<group>";
		};
		8232F5AD185EC84500EEF1F6 /* watersound */ = {
			isa = PBXGroup;
			children = (
				8232F5AE185EC84500EEF1F6 /* main.cpp */,
			);
			path = watersound;
			sourceTree = "<group>";
		};
		8232F5BA185F622C00EEF1F6 /* fakemeshgenerator */ = {
			isa = PBXGroup;
			children = (
				8232F5BB185F622C00EEF1F6 /* main.cpp */,
			);
			path = fakemeshgenerator;
			sourceTree = "<group>";
		};
		82F116D91867AD0700BBE57C /* geometry */ = {
			isa = PBXGroup;
			children = (
				82F116DA1867AD0700BBE57C /* BoundingBox.cpp */,
				82F116DB1867AD0700BBE57C /* BoundingBox.h */,
				82F116DD1867AD0700BBE57C /* MarchingSource.cpp */,
				82F116DE1867AD0700BBE57C /* MarchingSource.h */,
				82F116E01867AD0700BBE57C /* Triangle.cpp */,
				82F116E11867AD0700BBE57C /* Triangle.h */,
				82F116E21867AD0700BBE57C /* TriangleMesh.cpp */,
				82F116E31867AD0700BBE57C /* TriangleMesh.h */,
				82F116E51867AD0700BBE57C /* TriangleQuadrature.h */,
			);
			name = geometry;
			path = ../src/geometry;
			sourceTree = "<group>";
		};
		82F116F21867AD5C00BBE57C /* numeric */ = {
			isa = PBXGroup;
			children = (
				82F116F31867AD5C00BBE57C /* FastMultibubble.h */,
			);
			name = numeric;
			path = ../src/numeric;
			sourceTree = "<group>";
		};
		82F116F41867AD6500BBE57C /* physics */ = {
			isa = PBXGroup;
			children = (
				82F116F51867AD6500BBE57C /* Bubble.cpp */,
				82F116F61867AD6500BBE57C /* Bubble.h */,
				82F116F71867AD6500BBE57C /* Electrostatics.cpp */,
				82F116F81867AD6500BBE57C /* Electrostatics.h */,
				82F116F91867AD6500BBE57C /* Fluid.cpp */,
				82F116FA1867AD6500BBE57C /* Fluid.h */,
				82F116FB1867AD6500BBE57C /* PhysicalConstants.h */,
			);
			name = physics;
			path = ../src/physics;
			sourceTree = "<group>";
		};
		82F117031867AD7C00BBE57C /* sound */ = {
			isa = PBXGroup;
			children = (
				82F117051867AD7C00BBE57C /* BubbleSound.cpp */,
				82F117061867AD7C00BBE57C /* BubbleSound.h */,
				82F117081867AD7C00BBE57C /* Listener.h */,
				82F1170A1867AD7C00BBE57C /* Monopole.h */,
				82F1170B1867AD7C00BBE57C /* SoundFileManager.cpp */,
				82F1170C1867AD7C00BBE57C /* SoundFileManager.h */,
				82F1170E1867AD7C00BBE57C /* SoundFrequency.h */,
				82F1170F1867AD7C00BBE57C /* SoundTrack.cpp */,
				82F117101867AD7C00BBE57C /* SoundTrack.h */,
				82F117121867AD7C00BBE57C /* SphericalTools.h */,
				82F117131867AD7C00BBE57C /* Timer.h */,
				82F117141867AD7C00BBE57C /* util.h */,
				82F117151867AD7C00BBE57C /* ZeroCrossing.h */,
			);
			name = sound;
			path = ../src/sound;
			sourceTree = "<group>";
		};
/* End PBXGroup section */

/* Begin PBXHeadersBuildPhase section */
		8210A4B218499220003C1D56 /* Headers */ = {
			isa = PBXHeadersBuildPhase;
			buildActionMask = 2147483647;
			files = (
				82F116EA1867AD0700BBE57C /* MarchingSource.h in Headers */,
				82F116ED1867AD0700BBE57C /* Triangle.h in Headers */,
				82F116E71867AD0700BBE57C /* BoundingBox.h in Headers */,
				82F116F11867AD0700BBE57C /* TriangleQuadrature.h in Headers */,
				82F116EF1867AD0700BBE57C /* TriangleMesh.h in Headers */,
			);
			runOnlyForDeploymentPostprocessing = 0;
		};
		8210A4BD1849940E003C1D56 /* Headers */ = {
			isa = PBXHeadersBuildPhase;
			buildActionMask = 2147483647;
			files = (
				82F117011867AD6500BBE57C /* Fluid.h in Headers */,
				82F116FD1867AD6500BBE57C /* Bubble.h in Headers */,
				82F116FF1867AD6500BBE57C /* Electrostatics.h in Headers */,
				82F117021867AD6500BBE57C /* PhysicalConstants.h in Headers */,
			);
			runOnlyForDeploymentPostprocessing = 0;
		};
		8210A4EB184A9179003C1D56 /* Headers */ = {
			isa = PBXHeadersBuildPhase;
			buildActionMask = 2147483647;
			files = (
				82F117261867AD7C00BBE57C /* util.h in Headers */,
				82F117241867AD7C00BBE57C /* SphericalTools.h in Headers */,
				82F117221867AD7C00BBE57C /* SoundTrack.h in Headers */,
				82F1171E1867AD7C00BBE57C /* SoundFileManager.h in Headers */,
				82F1171A1867AD7C00BBE57C /* Listener.h in Headers */,
				82F117181867AD7C00BBE57C /* BubbleSound.h in Headers */,
				82F117271867AD7C00BBE57C /* ZeroCrossing.h in Headers */,
				82F117201867AD7C00BBE57C /* SoundFrequency.h in Headers */,
				82F117251867AD7C00BBE57C /* Timer.h in Headers */,
				82F1171C1867AD7C00BBE57C /* Monopole.h in Headers */,
			);
			runOnlyForDeploymentPostprocessing = 0;
		};
/* End PBXHeadersBuildPhase section */

/* Begin PBXNativeTarget section */
		8210A4B318499220003C1D56 /* aletler-geometry */ = {
			isa = PBXNativeTarget;
			buildConfigurationList = 8210A4B518499220003C1D56 /* Build configuration list for PBXNativeTarget "aletler-geometry" */;
			buildPhases = (
				8210A4B018499220003C1D56 /* Sources */,
				8210A4B118499220003C1D56 /* Frameworks */,
				8210A4B218499220003C1D56 /* Headers */,
			);
			buildRules = (
			);
			dependencies = (
			);
			name = "aletler-geometry";
			productName = "aletler-geometry";
			productReference = 8210A4B418499220003C1D56 /* libaletler-geometry.a */;
			productType = "com.apple.product-type.library.static";
		};
		8210A4BE1849940E003C1D56 /* aletler-physics */ = {
			isa = PBXNativeTarget;
			buildConfigurationList = 8210A4C01849940E003C1D56 /* Build configuration list for PBXNativeTarget "aletler-physics" */;
			buildPhases = (
				8210A4BB1849940E003C1D56 /* Sources */,
				8210A4BC1849940E003C1D56 /* Frameworks */,
				8210A4BD1849940E003C1D56 /* Headers */,
			);
			buildRules = (
			);
			dependencies = (
			);
			name = "aletler-physics";
			productName = "aletler-physics";
			productReference = 8210A4BF1849940E003C1D56 /* libaletler-physics.a */;
			productType = "com.apple.product-type.library.static";
		};
		8210A4D518499898003C1D56 /* test-physics */ = {
			isa = PBXNativeTarget;
			buildConfigurationList = 8210A4DC18499898003C1D56 /* Build configuration list for PBXNativeTarget "test-physics" */;
			buildPhases = (
				8210A4D218499898003C1D56 /* Sources */,
				8210A4D318499898003C1D56 /* Frameworks */,
				8210A4D418499898003C1D56 /* CopyFiles */,
			);
			buildRules = (
			);
			dependencies = (
			);
			name = "test-physics";
			productName = "test-physics";
			productReference = 8210A4D618499898003C1D56 /* test-physics */;
			productType = "com.apple.product-type.tool";
		};
		8210A4EC184A9179003C1D56 /* aletler-sound */ = {
			isa = PBXNativeTarget;
			buildConfigurationList = 8210A4EE184A9179003C1D56 /* Build configuration list for PBXNativeTarget "aletler-sound" */;
			buildPhases = (
				8210A4E9184A9179003C1D56 /* Sources */,
				8210A4EA184A9179003C1D56 /* Frameworks */,
				8210A4EB184A9179003C1D56 /* Headers */,
			);
			buildRules = (
			);
			dependencies = (
			);
			name = "aletler-sound";
			productName = "aletler-sound";
			productReference = 8210A4ED184A9179003C1D56 /* libaletler-sound.a */;
			productType = "com.apple.product-type.library.static";
		};
		8232F58D18525A7800EEF1F6 /* test-geometry */ = {
			isa = PBXNativeTarget;
			buildConfigurationList = 8232F59618525A7800EEF1F6 /* Build configuration list for PBXNativeTarget "test-geometry" */;
			buildPhases = (
				8232F58A18525A7800EEF1F6 /* Sources */,
				8232F58B18525A7800EEF1F6 /* Frameworks */,
				8232F58C18525A7800EEF1F6 /* CopyFiles */,
			);
			buildRules = (
			);
			dependencies = (
			);
			name = "test-geometry";
			productName = "test-geometry";
			productReference = 8232F58E18525A7800EEF1F6 /* test-geometry */;
			productType = "com.apple.product-type.tool";
		};
		8232F59E185E7E0700EEF1F6 /* fastmultibubbletester */ = {
			isa = PBXNativeTarget;
			buildConfigurationList = 8232F5A5185E7E0700EEF1F6 /* Build configuration list for PBXNativeTarget "fastmultibubbletester" */;
			buildPhases = (
				8232F59B185E7E0700EEF1F6 /* Sources */,
				8232F59C185E7E0700EEF1F6 /* Frameworks */,
				8232F59D185E7E0700EEF1F6 /* CopyFiles */,
			);
			buildRules = (
			);
			dependencies = (
			);
			name = fastmultibubbletester;
			productName = fastmultibubbletester;
			productReference = 8232F59F185E7E0700EEF1F6 /* fastmultibubbletester */;
			productType = "com.apple.product-type.tool";
		};
		8232F5AB185EC84500EEF1F6 /* watersound */ = {
			isa = PBXNativeTarget;
			buildConfigurationList = 8232F5B2185EC84500EEF1F6 /* Build configuration list for PBXNativeTarget "watersound" */;
			buildPhases = (
				8232F5A8185EC84500EEF1F6 /* Sources */,
				8232F5A9185EC84500EEF1F6 /* Frameworks */,
				8232F5AA185EC84500EEF1F6 /* CopyFiles */,
			);
			buildRules = (
			);
			dependencies = (
			);
			name = watersound;
			productName = watersound;
			productReference = 8232F5AC185EC84500EEF1F6 /* watersound */;
			productType = "com.apple.product-type.tool";
		};
		8232F5B8185F622C00EEF1F6 /* fakemeshgenerator */ = {
			isa = PBXNativeTarget;
			buildConfigurationList = 8232F5BF185F622C00EEF1F6 /* Build configuration list for PBXNativeTarget "fakemeshgenerator" */;
			buildPhases = (
				8232F5B5185F622C00EEF1F6 /* Sources */,
				8232F5B6185F622C00EEF1F6 /* Frameworks */,
				8232F5B7185F622C00EEF1F6 /* CopyFiles */,
			);
			buildRules = (
			);
			dependencies = (
			);
			name = fakemeshgenerator;
			productName = fakemeshgenerator;
			productReference = 8232F5B9185F622C00EEF1F6 /* fakemeshgenerator */;
			productType = "com.apple.product-type.tool";
		};
/* End PBXNativeTarget section */

/* Begin PBXProject section */
		8210A47B1849912A003C1D56 /* Project object */ = {
			isa = PBXProject;
			attributes = {
				LastUpgradeCheck = 0500;
				ORGANIZATIONNAME = "Phaedon Sinis";
			};
			buildConfigurationList = 8210A47E1849912A003C1D56 /* Build configuration list for PBXProject "aletler" */;
			compatibilityVersion = "Xcode 3.2";
			developmentRegion = English;
			hasScannedForEncodings = 0;
			knownRegions = (
				en,
			);
			mainGroup = 8210A47A1849912A003C1D56;
			productRefGroup = 8210A4841849912A003C1D56 /* Products */;
			projectDirPath = "";
			projectRoot = "";
			targets = (
				8210A4B318499220003C1D56 /* aletler-geometry */,
				8210A4BE1849940E003C1D56 /* aletler-physics */,
				8210A4D518499898003C1D56 /* test-physics */,
				8210A4EC184A9179003C1D56 /* aletler-sound */,
				8232F58D18525A7800EEF1F6 /* test-geometry */,
				8232F59E185E7E0700EEF1F6 /* fastmultibubbletester */,
				8232F5AB185EC84500EEF1F6 /* watersound */,
				8232F5B8185F622C00EEF1F6 /* fakemeshgenerator */,
			);
		};
/* End PBXProject section */

/* Begin PBXSourcesBuildPhase section */
		8210A4B018499220003C1D56 /* Sources */ = {
			isa = PBXSourcesBuildPhase;
			buildActionMask = 2147483647;
			files = (
				82F116EE1867AD0700BBE57C /* TriangleMesh.cpp in Sources */,
				82F116E61867AD0700BBE57C /* BoundingBox.cpp in Sources */,
				82F116EC1867AD0700BBE57C /* Triangle.cpp in Sources */,
				82F116E91867AD0700BBE57C /* MarchingSource.cpp in Sources */,
			);
			runOnlyForDeploymentPostprocessing = 0;
		};
		8210A4BB1849940E003C1D56 /* Sources */ = {
			isa = PBXSourcesBuildPhase;
			buildActionMask = 2147483647;
			files = (
				82F116FE1867AD6500BBE57C /* Electrostatics.cpp in Sources */,
				82F117001867AD6500BBE57C /* Fluid.cpp in Sources */,
				82F116FC1867AD6500BBE57C /* Bubble.cpp in Sources */,
			);
			runOnlyForDeploymentPostprocessing = 0;
		};
		8210A4D218499898003C1D56 /* Sources */ = {
			isa = PBXSourcesBuildPhase;
			buildActionMask = 2147483647;
			files = (
				8210A4E218499ABE003C1D56 /* main.cpp in Sources */,
			);
			runOnlyForDeploymentPostprocessing = 0;
		};
		8210A4E9184A9179003C1D56 /* Sources */ = {
			isa = PBXSourcesBuildPhase;
			buildActionMask = 2147483647;
			files = (
				82F117171867AD7C00BBE57C /* BubbleSound.cpp in Sources */,
				82F1171D1867AD7C00BBE57C /* SoundFileManager.cpp in Sources */,
				82F117211867AD7C00BBE57C /* SoundTrack.cpp in Sources */,
			);
			runOnlyForDeploymentPostprocessing = 0;
		};
		8232F58A18525A7800EEF1F6 /* Sources */ = {
			isa = PBXSourcesBuildPhase;
			buildActionMask = 2147483647;
			files = (
				8232F59718525A8B00EEF1F6 /* main.cpp in Sources */,
			);
			runOnlyForDeploymentPostprocessing = 0;
		};
		8232F59B185E7E0700EEF1F6 /* Sources */ = {
			isa = PBXSourcesBuildPhase;
			buildActionMask = 2147483647;
			files = (
				8232F5A2185E7E0700EEF1F6 /* main.cpp in Sources */,
			);
			runOnlyForDeploymentPostprocessing = 0;
		};
		8232F5A8185EC84500EEF1F6 /* Sources */ = {
			isa = PBXSourcesBuildPhase;
			buildActionMask = 2147483647;
			files = (
				8232F5AF185EC84500EEF1F6 /* main.cpp in Sources */,
			);
			runOnlyForDeploymentPostprocessing = 0;
		};
		8232F5B5185F622C00EEF1F6 /* Sources */ = {
			isa = PBXSourcesBuildPhase;
			buildActionMask = 2147483647;
			files = (
				8232F5BC185F622C00EEF1F6 /* main.cpp in Sources */,
			);
			runOnlyForDeploymentPostprocessing = 0;
		};
/* End PBXSourcesBuildPhase section */

/* Begin XCBuildConfiguration section */
		8210A4851849912A003C1D56 /* Debug */ = {
			isa = XCBuildConfiguration;
			buildSettings = {
				ALWAYS_SEARCH_USER_PATHS = NO;
				CLANG_CXX_LANGUAGE_STANDARD = "gnu++0x";
				CLANG_CXX_LIBRARY = "libc++";
				CLANG_ENABLE_OBJC_ARC = YES;
				CLANG_WARN_BOOL_CONVERSION = YES;
				CLANG_WARN_CONSTANT_CONVERSION = YES;
				CLANG_WARN_DIRECT_OBJC_ISA_USAGE = YES_ERROR;
				CLANG_WARN_EMPTY_BODY = YES;
				CLANG_WARN_ENUM_CONVERSION = YES;
				CLANG_WARN_INT_CONVERSION = YES;
				CLANG_WARN_OBJC_ROOT_CLASS = YES_ERROR;
				CLANG_WARN__DUPLICATE_METHOD_MATCH = YES;
				COPY_PHASE_STRIP = NO;
				GCC_C_LANGUAGE_STANDARD = gnu99;
				GCC_DYNAMIC_NO_PIC = NO;
				GCC_ENABLE_OBJC_EXCEPTIONS = YES;
				GCC_OPTIMIZATION_LEVEL = 0;
				GCC_PREPROCESSOR_DEFINITIONS = (
					"DEBUG=1",
					"$(inherited)",
				);
				GCC_SYMBOLS_PRIVATE_EXTERN = NO;
				GCC_WARN_64_TO_32_BIT_CONVERSION = YES;
				GCC_WARN_ABOUT_RETURN_TYPE = YES_ERROR;
				GCC_WARN_UNDECLARED_SELECTOR = YES;
				GCC_WARN_UNINITIALIZED_AUTOS = YES;
				GCC_WARN_UNUSED_FUNCTION = YES;
				GCC_WARN_UNUSED_VARIABLE = YES;
				HEADER_SEARCH_PATHS = (
					"$(inherited)",
					/Applications/Xcode.app/Contents/Developer/Toolchains/XcodeDefault.xctoolchain/usr/include,
					"~/github/aletler/src/",
					"/usr/local/include/eigen-eigen-ffa86ffb5570/",
					/usr/local/include/,
				);
				MACOSX_DEPLOYMENT_TARGET = 10.9;
				ONLY_ACTIVE_ARCH = YES;
				SDKROOT = macosx;
			};
			name = Debug;
		};
		8210A4861849912A003C1D56 /* Release */ = {
			isa = XCBuildConfiguration;
			buildSettings = {
				ALWAYS_SEARCH_USER_PATHS = NO;
				CLANG_CXX_LANGUAGE_STANDARD = "gnu++0x";
				CLANG_CXX_LIBRARY = "libc++";
				CLANG_ENABLE_OBJC_ARC = YES;
				CLANG_WARN_BOOL_CONVERSION = YES;
				CLANG_WARN_CONSTANT_CONVERSION = YES;
				CLANG_WARN_DIRECT_OBJC_ISA_USAGE = YES_ERROR;
				CLANG_WARN_EMPTY_BODY = YES;
				CLANG_WARN_ENUM_CONVERSION = YES;
				CLANG_WARN_INT_CONVERSION = YES;
				CLANG_WARN_OBJC_ROOT_CLASS = YES_ERROR;
				CLANG_WARN__DUPLICATE_METHOD_MATCH = YES;
				COPY_PHASE_STRIP = YES;
				DEBUG_INFORMATION_FORMAT = "dwarf-with-dsym";
				ENABLE_NS_ASSERTIONS = NO;
				GCC_C_LANGUAGE_STANDARD = gnu99;
				GCC_ENABLE_OBJC_EXCEPTIONS = YES;
				GCC_WARN_64_TO_32_BIT_CONVERSION = YES;
				GCC_WARN_ABOUT_RETURN_TYPE = YES_ERROR;
				GCC_WARN_UNDECLARED_SELECTOR = YES;
				GCC_WARN_UNINITIALIZED_AUTOS = YES;
				GCC_WARN_UNUSED_FUNCTION = YES;
				GCC_WARN_UNUSED_VARIABLE = YES;
				HEADER_SEARCH_PATHS = (
					"$(inherited)",
					/Applications/Xcode.app/Contents/Developer/Toolchains/XcodeDefault.xctoolchain/usr/include,
					"~/github/aletler/src/",
					"/usr/local/include/eigen-eigen-ffa86ffb5570/",
					/usr/local/include/,
				);
				MACOSX_DEPLOYMENT_TARGET = 10.9;
				SDKROOT = macosx;
			};
			name = Release;
		};
		8210A4B618499220003C1D56 /* Debug */ = {
			isa = XCBuildConfiguration;
			buildSettings = {
				EXECUTABLE_PREFIX = lib;
				GCC_PREPROCESSOR_DEFINITIONS = (
					"DEBUG=1",
					"$(inherited)",
				);
				HEADER_SEARCH_PATHS = (
					"$(inherited)",
					/Applications/Xcode.app/Contents/Developer/Toolchains/XcodeDefault.xctoolchain/usr/include,
				);
				PRODUCT_NAME = "$(TARGET_NAME)";
			};
			name = Debug;
		};
		8210A4B718499220003C1D56 /* Release */ = {
			isa = XCBuildConfiguration;
			buildSettings = {
				EXECUTABLE_PREFIX = lib;
				HEADER_SEARCH_PATHS = (
					"$(inherited)",
					/Applications/Xcode.app/Contents/Developer/Toolchains/XcodeDefault.xctoolchain/usr/include,
				);
				PRODUCT_NAME = "$(TARGET_NAME)";
			};
			name = Release;
		};
		8210A4C11849940E003C1D56 /* Debug */ = {
			isa = XCBuildConfiguration;
			buildSettings = {
				EXECUTABLE_PREFIX = lib;
				GCC_PREPROCESSOR_DEFINITIONS = (
					"DEBUG=1",
					"$(inherited)",
				);
				HEADER_SEARCH_PATHS = (
					"$(inherited)",
					/Applications/Xcode.app/Contents/Developer/Toolchains/XcodeDefault.xctoolchain/usr/include,
					"~/github/aletler/include/",
					"/usr/local/include/eigen-eigen-ffa86ffb5570/",
					/usr/local/include/,
					"~/github/vdb/",
					"~/github/odeint-v2/",
					/opt/local/include/,
				);
				PRODUCT_NAME = "$(TARGET_NAME)";
			};
			name = Debug;
		};
		8210A4C21849940E003C1D56 /* Release */ = {
			isa = XCBuildConfiguration;
			buildSettings = {
				EXECUTABLE_PREFIX = lib;
				HEADER_SEARCH_PATHS = (
					"$(inherited)",
					/Applications/Xcode.app/Contents/Developer/Toolchains/XcodeDefault.xctoolchain/usr/include,
					"~/github/aletler/include/",
					"/usr/local/include/eigen-eigen-ffa86ffb5570/",
					/usr/local/include/,
					"~/github/vdb/",
					"~/github/odeint-v2/",
					/opt/local/include/,
				);
				PRODUCT_NAME = "$(TARGET_NAME)";
			};
			name = Release;
		};
		8210A4DD18499898003C1D56 /* Debug */ = {
			isa = XCBuildConfiguration;
			buildSettings = {
				GCC_PREPROCESSOR_DEFINITIONS = (
					"DEBUG=1",
					"$(inherited)",
				);
				HEADER_SEARCH_PATHS = (
					"$(inherited)",
					/Applications/Xcode.app/Contents/Developer/Toolchains/XcodeDefault.xctoolchain/usr/include,
					"~/github/aletler/include/",
					"/usr/local/include/eigen-eigen-ffa86ffb5570/",
					/usr/local/include/,
					"~/github/odeint-v2/",
					/opt/local/include/,
					"~/github/vdb/",
				);
				LIBRARY_SEARCH_PATHS = /usr/local/lib/;
				OTHER_LDFLAGS = "-lsndfile";
				PRODUCT_NAME = "$(TARGET_NAME)";
			};
			name = Debug;
		};
		8210A4DE18499898003C1D56 /* Release */ = {
			isa = XCBuildConfiguration;
			buildSettings = {
				HEADER_SEARCH_PATHS = (
					"$(inherited)",
					/Applications/Xcode.app/Contents/Developer/Toolchains/XcodeDefault.xctoolchain/usr/include,
					"~/github/aletler/include/",
					"/usr/local/include/eigen-eigen-ffa86ffb5570/",
					/usr/local/include/,
					"~/github/odeint-v2/",
					/opt/local/include/,
					"~/github/vdb/",
				);
				LIBRARY_SEARCH_PATHS = /usr/local/lib/;
				OTHER_LDFLAGS = "-lsndfile";
				PRODUCT_NAME = "$(TARGET_NAME)";
			};
			name = Release;
		};
		8210A4EF184A9179003C1D56 /* Debug */ = {
			isa = XCBuildConfiguration;
			buildSettings = {
				EXECUTABLE_PREFIX = lib;
				GCC_PREPROCESSOR_DEFINITIONS = (
					"DEBUG=1",
					"$(inherited)",
				);
				LIBRARY_SEARCH_PATHS = /usr/local/lib/;
				OTHER_LDFLAGS = "-lsndfile";
				PRODUCT_NAME = "$(TARGET_NAME)";
			};
			name = Debug;
		};
		8210A4F0184A9179003C1D56 /* Release */ = {
			isa = XCBuildConfiguration;
			buildSettings = {
				EXECUTABLE_PREFIX = lib;
				LIBRARY_SEARCH_PATHS = /usr/local/lib/;
				OTHER_LDFLAGS = "-lsndfile";
				PRODUCT_NAME = "$(TARGET_NAME)";
			};
			name = Release;
		};
		8232F59418525A7800EEF1F6 /* Debug */ = {
			isa = XCBuildConfiguration;
			buildSettings = {
				GCC_PREPROCESSOR_DEFINITIONS = (
					"DEBUG=1",
					"$(inherited)",
				);
				PRODUCT_NAME = "$(TARGET_NAME)";
			};
			name = Debug;
		};
		8232F59518525A7800EEF1F6 /* Release */ = {
			isa = XCBuildConfiguration;
			buildSettings = {
				PRODUCT_NAME = "$(TARGET_NAME)";
			};
			name = Release;
		};
		8232F5A6185E7E0700EEF1F6 /* Debug */ = {
			isa = XCBuildConfiguration;
			buildSettings = {
				GCC_PREPROCESSOR_DEFINITIONS = (
					"DEBUG=1",
					"$(inherited)",
				);
				PRODUCT_NAME = "$(TARGET_NAME)";
			};
			name = Debug;
		};
		8232F5A7185E7E0700EEF1F6 /* Release */ = {
			isa = XCBuildConfiguration;
			buildSettings = {
				PRODUCT_NAME = "$(TARGET_NAME)";
			};
			name = Release;
		};
		8232F5B3185EC84500EEF1F6 /* Debug */ = {
			isa = XCBuildConfiguration;
			buildSettings = {
				GCC_PREPROCESSOR_DEFINITIONS = (
					"DEBUG=1",
					"$(inherited)",
				);
				HEADER_SEARCH_PATHS = (
					"$(inherited)",
					/Applications/Xcode.app/Contents/Developer/Toolchains/XcodeDefault.xctoolchain/usr/include,
					"~/github/aletler/include/",
					"/usr/local/include/eigen-eigen-ffa86ffb5570/",
					/usr/local/include/,
					"~/github/odeint-v2/",
					/opt/local/include/,
				);
				PRODUCT_NAME = "$(TARGET_NAME)";
			};
			name = Debug;
		};
		8232F5B4185EC84500EEF1F6 /* Release */ = {
			isa = XCBuildConfiguration;
			buildSettings = {
				HEADER_SEARCH_PATHS = (
					"$(inherited)",
					/Applications/Xcode.app/Contents/Developer/Toolchains/XcodeDefault.xctoolchain/usr/include,
					"~/github/aletler/include/",
					"/usr/local/include/eigen-eigen-ffa86ffb5570/",
					/usr/local/include/,
					"~/github/odeint-v2/",
					/opt/local/include/,
				);
				PRODUCT_NAME = "$(TARGET_NAME)";
			};
			name = Release;
		};
		8232F5C0185F622C00EEF1F6 /* Debug */ = {
			isa = XCBuildConfiguration;
			buildSettings = {
				GCC_PREPROCESSOR_DEFINITIONS = (
					"DEBUG=1",
					"$(inherited)",
				);
				HEADER_SEARCH_PATHS = (
					"$(inherited)",
					/Applications/Xcode.app/Contents/Developer/Toolchains/XcodeDefault.xctoolchain/usr/include,
					"~/github/aletler/include/",
					"/usr/local/include/eigen-eigen-ffa86ffb5570/",
					/usr/local/include/,
					/opt/local/include/,
				);
				PRODUCT_NAME = "$(TARGET_NAME)";
			};
			name = Debug;
		};
		8232F5C1185F622C00EEF1F6 /* Release */ = {
			isa = XCBuildConfiguration;
			buildSettings = {
				HEADER_SEARCH_PATHS = (
					"$(inherited)",
					/Applications/Xcode.app/Contents/Developer/Toolchains/XcodeDefault.xctoolchain/usr/include,
					"~/github/aletler/include/",
					"/usr/local/include/eigen-eigen-ffa86ffb5570/",
					/usr/local/include/,
					/opt/local/include/,
				);
				PRODUCT_NAME = "$(TARGET_NAME)";
			};
			name = Release;
		};
/* End XCBuildConfiguration section */

/* Begin XCConfigurationList section */
		8210A47E1849912A003C1D56 /* Build configuration list for PBXProject "aletler" */ = {
			isa = XCConfigurationList;
			buildConfigurations = (
				8210A4851849912A003C1D56 /* Debug */,
				8210A4861849912A003C1D56 /* Release */,
			);
			defaultConfigurationIsVisible = 0;
			defaultConfigurationName = Release;
		};
		8210A4B518499220003C1D56 /* Build configuration list for PBXNativeTarget "aletler-geometry" */ = {
			isa = XCConfigurationList;
			buildConfigurations = (
				8210A4B618499220003C1D56 /* Debug */,
				8210A4B718499220003C1D56 /* Release */,
			);
			defaultConfigurationIsVisible = 0;
			defaultConfigurationName = Release;
		};
		8210A4C01849940E003C1D56 /* Build configuration list for PBXNativeTarget "aletler-physics" */ = {
			isa = XCConfigurationList;
			buildConfigurations = (
				8210A4C11849940E003C1D56 /* Debug */,
				8210A4C21849940E003C1D56 /* Release */,
			);
			defaultConfigurationIsVisible = 0;
			defaultConfigurationName = Release;
		};
		8210A4DC18499898003C1D56 /* Build configuration list for PBXNativeTarget "test-physics" */ = {
			isa = XCConfigurationList;
			buildConfigurations = (
				8210A4DD18499898003C1D56 /* Debug */,
				8210A4DE18499898003C1D56 /* Release */,
			);
			defaultConfigurationIsVisible = 0;
			defaultConfigurationName = Release;
		};
		8210A4EE184A9179003C1D56 /* Build configuration list for PBXNativeTarget "aletler-sound" */ = {
			isa = XCConfigurationList;
			buildConfigurations = (
				8210A4EF184A9179003C1D56 /* Debug */,
				8210A4F0184A9179003C1D56 /* Release */,
			);
			defaultConfigurationIsVisible = 0;
			defaultConfigurationName = Release;
		};
		8232F59618525A7800EEF1F6 /* Build configuration list for PBXNativeTarget "test-geometry" */ = {
			isa = XCConfigurationList;
			buildConfigurations = (
				8232F59418525A7800EEF1F6 /* Debug */,
				8232F59518525A7800EEF1F6 /* Release */,
			);
			defaultConfigurationIsVisible = 0;
			defaultConfigurationName = Release;
		};
		8232F5A5185E7E0700EEF1F6 /* Build configuration list for PBXNativeTarget "fastmultibubbletester" */ = {
			isa = XCConfigurationList;
			buildConfigurations = (
				8232F5A6185E7E0700EEF1F6 /* Debug */,
				8232F5A7185E7E0700EEF1F6 /* Release */,
			);
			defaultConfigurationIsVisible = 0;
			defaultConfigurationName = Release;
		};
		8232F5B2185EC84500EEF1F6 /* Build configuration list for PBXNativeTarget "watersound" */ = {
			isa = XCConfigurationList;
			buildConfigurations = (
				8232F5B3185EC84500EEF1F6 /* Debug */,
				8232F5B4185EC84500EEF1F6 /* Release */,
			);
			defaultConfigurationIsVisible = 0;
			defaultConfigurationName = Release;
		};
		8232F5BF185F622C00EEF1F6 /* Build configuration list for PBXNativeTarget "fakemeshgenerator" */ = {
			isa = XCConfigurationList;
			buildConfigurations = (
				8232F5C0185F622C00EEF1F6 /* Debug */,
				8232F5C1185F622C00EEF1F6 /* Release */,
			);
			defaultConfigurationIsVisible = 0;
			defaultConfigurationName = Release;
		};
/* End XCConfigurationList section */
	};
	rootObject = 8210A47B1849912A003C1D56 /* Project object */;
}
